
Microsoft Visual Studio Solution File, Format Version 12.00
# Visual Studio Version 17
VisualStudioVersion = 17.7.34202.233
MinimumVisualStudioVersion = 10.0.40219.1
Project("{2150E333-8FDC-42A3-9474-1A3956D46DE8}") = "src", "src", "{2042553A-96A7-443A-BA97-80ED954542A1}"
EndProject
Project("{2150E333-8FDC-42A3-9474-1A3956D46DE8}") = "Building Blocks", "Building Blocks", "{D7B1C628-CF8E-4300-B1DA-739EC488C8E4}"
EndProject
Project("{2150E333-8FDC-42A3-9474-1A3956D46DE8}") = "Services", "Services", "{215C4BDE-9648-4480-B859-79DAC30F1936}"
EndProject
Project("{2150E333-8FDC-42A3-9474-1A3956D46DE8}") = "Web", "Web", "{B5E4873C-0606-4B7A-B06C-88C0C76B0011}"
EndProject
Project("{2150E333-8FDC-42A3-9474-1A3956D46DE8}") = "Identidade", "Identidade", "{11884C68-A0C8-4345-A7CA-D74EA0CD21C1}"
EndProject
Project("{FAE04EC0-301F-11D3-BF4B-00C04F79EFBC}") = "NSE.Identidade.API", "src\services\NSE.Identidade.API\NSE.Identidade.API.csproj", "{185A4835-F7E6-45CD-BEDD-5F28405E36C4}"
EndProject
Project("{2150E333-8FDC-42A3-9474-1A3956D46DE8}") = "MVC", "MVC", "{F4F65F29-BC56-43EB-BEE0-665D202FFE0E}"
EndProject
Project("{FAE04EC0-301F-11D3-BF4B-00C04F79EFBC}") = "NSE.WebApp.Mvc", "src\web\NSE.WebApp.Mvc\NSE.WebApp.Mvc.csproj", "{615D66F1-A35D-4645-A687-AC696D30CDC1}"
EndProject
Project("{2150E333-8FDC-42A3-9474-1A3956D46DE8}") = "Core", "Core", "{07CEAB79-3781-4681-92AC-8FBAD2C5DFF9}"
EndProject
Project("{FAE04EC0-301F-11D3-BF4B-00C04F79EFBC}") = "NSE.Core", "src\building blocks\NSE.Core\NSE.Core.csproj", "{A0F8CF7F-54F6-466A-8DC2-B79C9E75A196}"
EndProject
Project("{2150E333-8FDC-42A3-9474-1A3956D46DE8}") = "Carrinho", "Carrinho", "{27F731CF-0EF7-4B7E-82F2-AC21CF26264A}"
EndProject
Project("{2150E333-8FDC-42A3-9474-1A3956D46DE8}") = "Catalogo", "Catalogo", "{23D9E1BA-CE19-45E5-ADB0-5D8CF74E93B9}"
EndProject
Project("{2150E333-8FDC-42A3-9474-1A3956D46DE8}") = "Cliente", "Cliente", "{E5091770-A043-4121-A2A3-98F18E5C51D7}"
EndProject
Project("{2150E333-8FDC-42A3-9474-1A3956D46DE8}") = "Pagamento", "Pagamento", "{89545A6A-4AE7-4F59-9729-ED197F1D4C81}"
EndProject
Project("{2150E333-8FDC-42A3-9474-1A3956D46DE8}") = "Pedido", "Pedido", "{C2A3095E-56F7-474A-BBFF-0277E71FC2C3}"
EndProject
Project("{FAE04EC0-301F-11D3-BF4B-00C04F79EFBC}") = "NSE.Carrinho.API", "src\services\NSE.Carrinho.API\NSE.Carrinho.API.csproj", "{B580B232-020B-4908-A2F3-03F54404EF28}"
EndProject
Project("{FAE04EC0-301F-11D3-BF4B-00C04F79EFBC}") = "NSE.Catalogo.API", "src\services\NSE.Catalogo.API\NSE.Catalogo.API.csproj", "{7FA361AC-0E17-4C32-ABEF-A5AC57FF3A45}"
EndProject
Project("{FAE04EC0-301F-11D3-BF4B-00C04F79EFBC}") = "NSE.Cliente.API", "src\services\NSE.Cliente.API\NSE.Cliente.API.csproj", "{845AAB34-9EAF-4ED4-80ED-4DE1B8D8D5F9}"
EndProject
Project("{FAE04EC0-301F-11D3-BF4B-00C04F79EFBC}") = "NSE.Pagamento.API", "src\services\NSE.Pagamento.API\NSE.Pagamento.API.csproj", "{1CF98F30-13CA-4E39-87BA-FB4216DF8FDF}"
EndProject
Project("{FAE04EC0-301F-11D3-BF4B-00C04F79EFBC}") = "NSE.Pedido.API", "src\services\NSE.Pedido.API\NSE.Pedido.API.csproj", "{AD03318F-CC00-4FCD-85CD-05C433993022}"
EndProject
Global
	GlobalSection(SolutionConfigurationPlatforms) = preSolution
		Debug|Any CPU = Debug|Any CPU
		Release|Any CPU = Release|Any CPU
	EndGlobalSection
	GlobalSection(ProjectConfigurationPlatforms) = postSolution
		{185A4835-F7E6-45CD-BEDD-5F28405E36C4}.Debug|Any CPU.ActiveCfg = Debug|Any CPU
		{185A4835-F7E6-45CD-BEDD-5F28405E36C4}.Debug|Any CPU.Build.0 = Debug|Any CPU
		{185A4835-F7E6-45CD-BEDD-5F28405E36C4}.Release|Any CPU.ActiveCfg = Release|Any CPU
		{185A4835-F7E6-45CD-BEDD-5F28405E36C4}.Release|Any CPU.Build.0 = Release|Any CPU
		{615D66F1-A35D-4645-A687-AC696D30CDC1}.Debug|Any CPU.ActiveCfg = Debug|Any CPU
		{615D66F1-A35D-4645-A687-AC696D30CDC1}.Debug|Any CPU.Build.0 = Debug|Any CPU
		{615D66F1-A35D-4645-A687-AC696D30CDC1}.Release|Any CPU.ActiveCfg = Release|Any CPU
		{615D66F1-A35D-4645-A687-AC696D30CDC1}.Release|Any CPU.Build.0 = Release|Any CPU
		{A0F8CF7F-54F6-466A-8DC2-B79C9E75A196}.Debug|Any CPU.ActiveCfg = Debug|Any CPU
		{A0F8CF7F-54F6-466A-8DC2-B79C9E75A196}.Debug|Any CPU.Build.0 = Debug|Any CPU
		{A0F8CF7F-54F6-466A-8DC2-B79C9E75A196}.Release|Any CPU.ActiveCfg = Release|Any CPU
		{A0F8CF7F-54F6-466A-8DC2-B79C9E75A196}.Release|Any CPU.Build.0 = Release|Any CPU
		{B580B232-020B-4908-A2F3-03F54404EF28}.Debug|Any CPU.ActiveCfg = Debug|Any CPU
		{B580B232-020B-4908-A2F3-03F54404EF28}.Debug|Any CPU.Build.0 = Debug|Any CPU
		{B580B232-020B-4908-A2F3-03F54404EF28}.Release|Any CPU.ActiveCfg = Release|Any CPU
		{B580B232-020B-4908-A2F3-03F54404EF28}.Release|Any CPU.Build.0 = Release|Any CPU
		{7FA361AC-0E17-4C32-ABEF-A5AC57FF3A45}.Debug|Any CPU.ActiveCfg = Debug|Any CPU
		{7FA361AC-0E17-4C32-ABEF-A5AC57FF3A45}.Debug|Any CPU.Build.0 = Debug|Any CPU
		{7FA361AC-0E17-4C32-ABEF-A5AC57FF3A45}.Release|Any CPU.ActiveCfg = Release|Any CPU
		{7FA361AC-0E17-4C32-ABEF-A5AC57FF3A45}.Release|Any CPU.Build.0 = Release|Any CPU
		{845AAB34-9EAF-4ED4-80ED-4DE1B8D8D5F9}.Debug|Any CPU.ActiveCfg = Debug|Any CPU
		{845AAB34-9EAF-4ED4-80ED-4DE1B8D8D5F9}.Debug|Any CPU.Build.0 = Debug|Any CPU
		{845AAB34-9EAF-4ED4-80ED-4DE1B8D8D5F9}.Release|Any CPU.ActiveCfg = Release|Any CPU
		{845AAB34-9EAF-4ED4-80ED-4DE1B8D8D5F9}.Release|Any CPU.Build.0 = Release|Any CPU
		{1CF98F30-13CA-4E39-87BA-FB4216DF8FDF}.Debug|Any CPU.ActiveCfg = Debug|Any CPU
		{1CF98F30-13CA-4E39-87BA-FB4216DF8FDF}.Debug|Any CPU.Build.0 = Debug|Any CPU
		{1CF98F30-13CA-4E39-87BA-FB4216DF8FDF}.Release|Any CPU.ActiveCfg = Release|Any CPU
		{1CF98F30-13CA-4E39-87BA-FB4216DF8FDF}.Release|Any CPU.Build.0 = Release|Any CPU
		{AD03318F-CC00-4FCD-85CD-05C433993022}.Debug|Any CPU.ActiveCfg = Debug|Any CPU
		{AD03318F-CC00-4FCD-85CD-05C433993022}.Debug|Any CPU.Build.0 = Debug|Any CPU
		{AD03318F-CC00-4FCD-85CD-05C433993022}.Release|Any CPU.ActiveCfg = Release|Any CPU
		{AD03318F-CC00-4FCD-85CD-05C433993022}.Release|Any CPU.Build.0 = Release|Any CPU
	EndGlobalSection
	GlobalSection(SolutionProperties) = preSolution
		HideSolutionNode = FALSE
	EndGlobalSection
	GlobalSection(NestedProjects) = preSolution
		{D7B1C628-CF8E-4300-B1DA-739EC488C8E4} = {2042553A-96A7-443A-BA97-80ED954542A1}
		{215C4BDE-9648-4480-B859-79DAC30F1936} = {2042553A-96A7-443A-BA97-80ED954542A1}
		{B5E4873C-0606-4B7A-B06C-88C0C76B0011} = {2042553A-96A7-443A-BA97-80ED954542A1}
		{11884C68-A0C8-4345-A7CA-D74EA0CD21C1} = {215C4BDE-9648-4480-B859-79DAC30F1936}
		{185A4835-F7E6-45CD-BEDD-5F28405E36C4} = {11884C68-A0C8-4345-A7CA-D74EA0CD21C1}
		{F4F65F29-BC56-43EB-BEE0-665D202FFE0E} = {B5E4873C-0606-4B7A-B06C-88C0C76B0011}
		{615D66F1-A35D-4645-A687-AC696D30CDC1} = {F4F65F29-BC56-43EB-BEE0-665D202FFE0E}
		{07CEAB79-3781-4681-92AC-8FBAD2C5DFF9} = {D7B1C628-CF8E-4300-B1DA-739EC488C8E4}
		{A0F8CF7F-54F6-466A-8DC2-B79C9E75A196} = {07CEAB79-3781-4681-92AC-8FBAD2C5DFF9}
		{27F731CF-0EF7-4B7E-82F2-AC21CF26264A} = {215C4BDE-9648-4480-B859-79DAC30F1936}
		{23D9E1BA-CE19-45E5-ADB0-5D8CF74E93B9} = {215C4BDE-9648-4480-B859-79DAC30F1936}
		{E5091770-A043-4121-A2A3-98F18E5C51D7} = {215C4BDE-9648-4480-B859-79DAC30F1936}
		{89545A6A-4AE7-4F59-9729-ED197F1D4C81} = {215C4BDE-9648-4480-B859-79DAC30F1936}
		{C2A3095E-56F7-474A-BBFF-0277E71FC2C3} = {215C4BDE-9648-4480-B859-79DAC30F1936}
		{B580B232-020B-4908-A2F3-03F54404EF28} = {27F731CF-0EF7-4B7E-82F2-AC21CF26264A}
		{7FA361AC-0E17-4C32-ABEF-A5AC57FF3A45} = {23D9E1BA-CE19-45E5-ADB0-5D8CF74E93B9}
		{845AAB34-9EAF-4ED4-80ED-4DE1B8D8D5F9} = {E5091770-A043-4121-A2A3-98F18E5C51D7}
		{1CF98F30-13CA-4E39-87BA-FB4216DF8FDF} = {89545A6A-4AE7-4F59-9729-ED197F1D4C81}
		{AD03318F-CC00-4FCD-85CD-05C433993022} = {C2A3095E-56F7-474A-BBFF-0277E71FC2C3}
	EndGlobalSection
	GlobalSection(ExtensibilityGlobals) = postSolution
		SolutionGuid = {6477D793-6180-4A97-9C8B-30483AB295D1}
	EndGlobalSection
EndGlobal
